[[package]]
name = "attrs"
version = "22.2.0"
requires_python = ">=3.6"
summary = "Classes Without Boilerplate"

[[package]]
name = "elementpath"
version = "3.0.2"
requires_python = ">=3.7"
summary = "XPath 1.0/2.0/3.0 parsers and selectors for ElementTree and lxml"

[[package]]
name = "jsonschema"
version = "4.17.3"
requires_python = ">=3.7"
summary = "An implementation of JSON Schema validation for Python"
dependencies = [
    "attrs>=17.4.0",
    "pyrsistent!=0.17.0,!=0.17.1,!=0.17.2,>=0.14.0",
]

[[package]]
name = "pyrsistent"
version = "0.19.3"
requires_python = ">=3.7"
summary = "Persistent/Functional/Immutable data structures"

[[package]]
name = "robotframework"
version = "6.1.dev1"
requires_python = ">=3.6"
editable = true
path = "C:/local_git_repos/robotframework"
summary = "derived work from / inrobotframework"
dependencies = [
    "jsonschema>=4.17.3",
    "xmlschema>=2.1.1",
]

[[package]]
name = "xmlschema"
version = "2.1.1"
requires_python = ">=3.7"
summary = "An XML Schema validator and decoder"
dependencies = [
    "elementpath<4.0.0,>=3.0.0",
]

[metadata]
lock_version = "4.1"
content_hash = "sha256:89297f4b278cd6220c8dc1a801e23e130d3fe17952828426465686401a25a8f5"

[metadata.files]
"attrs 22.2.0" = [
    {url = "https://files.pythonhosted.org/packages/21/31/3f468da74c7de4fcf9b25591e682856389b3400b4b62f201e65f15ea3e07/attrs-22.2.0.tar.gz", hash = "sha256:c9227bfc2f01993c03f68db37d1d15c9690188323c067c641f1a35ca58185f99"},
    {url = "https://files.pythonhosted.org/packages/fb/6e/6f83bf616d2becdf333a1640f1d463fef3150e2e926b7010cb0f81c95e88/attrs-22.2.0-py3-none-any.whl", hash = "sha256:29e95c7f6778868dbd49170f98f8818f78f3dc5e0e37c0b1f474e3561b240836"},
]
"elementpath 3.0.2" = [
    {url = "https://files.pythonhosted.org/packages/11/bc/5afb61dd5d863e5cf77cd952445c50c17e65953405986f19e97e4389692a/elementpath-3.0.2.tar.gz", hash = "sha256:cca18742dc0f354f79874c41a906e6ce4cc15230b7858d22a861e1ec5946940f"},
    {url = "https://files.pythonhosted.org/packages/f6/6e/e8fe25b85f98de61d18979dcdcfe8d6e9d4ed51dd31af2c71d3c7c9c8550/elementpath-3.0.2-py3-none-any.whl", hash = "sha256:6122419481a4c73101918714274b2cec907feecd04a44b623b4bae4292853328"},
]
"jsonschema 4.17.3" = [
    {url = "https://files.pythonhosted.org/packages/36/3d/ca032d5ac064dff543aa13c984737795ac81abc9fb130cd2fcff17cfabc7/jsonschema-4.17.3.tar.gz", hash = "sha256:0f864437ab8b6076ba6707453ef8f98a6a0d512a80e93f8abdb676f737ecb60d"},
    {url = "https://files.pythonhosted.org/packages/c1/97/c698bd9350f307daad79dd740806e1a59becd693bd11443a0f531e3229b3/jsonschema-4.17.3-py3-none-any.whl", hash = "sha256:a870ad254da1a8ca84b6a2905cac29d265f805acc57af304784962a2aa6508f6"},
]
"pyrsistent 0.19.3" = [
    {url = "https://files.pythonhosted.org/packages/07/d2/0e72806d668c001d13885e8d7c78fefa5a649c34ad9d77b90eb472096ae7/pyrsistent-0.19.3-cp38-cp38-manylinux_2_17_aarch64.manylinux2014_aarch64.whl", hash = "sha256:cc5d149f31706762c1f8bda2e8c4f8fead6e80312e3692619a75301d3dbb819a"},
    {url = "https://files.pythonhosted.org/packages/09/0a/cf855eb8b1dc98f20e3223c7262068918f22f5ad452a99588cf2e5e70e82/pyrsistent-0.19.3-cp37-cp37m-win32.whl", hash = "sha256:e8f2b814a3dc6225964fa03d8582c6e0b6650d68a232df41e3cc1b66a5d2f8d1"},
    {url = "https://files.pythonhosted.org/packages/0b/c0/5ba658ab88966a5a709e17739d1da02615b95e8210d52041d147f11da5da/pyrsistent-0.19.3-cp37-cp37m-manylinux_2_17_aarch64.manylinux2014_aarch64.whl", hash = "sha256:aeda827381f5e5d65cced3024126529ddc4289d944f75e090572c77ceb19adbf"},
    {url = "https://files.pythonhosted.org/packages/40/04/f1d7813d4cdb62ed58e75b53e2ef481b47081ab5ad2a104cd284fa507042/pyrsistent-0.19.3-cp310-cp310-manylinux_2_17_aarch64.manylinux2014_aarch64.whl", hash = "sha256:4c18264cb84b5e68e7085a43723f9e4c1fd1d935ab240ce02c0324a8e01ccb64"},
    {url = "https://files.pythonhosted.org/packages/4a/91/f8e546cbd5aeecce04a5e9d03c32f329c6b97a5514868c824bbe111cd697/pyrsistent-0.19.3-cp38-cp38-win32.whl", hash = "sha256:f0e7c4b2f77593871e918be000b96c8107da48444d57005b6a6bc61fb4331b2c"},
    {url = "https://files.pythonhosted.org/packages/57/3e/50aa661939ba1bfc2cc78817ecb37ecb55aef9eda55a193f8da381a8b7a1/pyrsistent-0.19.3-cp310-cp310-win32.whl", hash = "sha256:5a474fb80f5e0d6c9394d8db0fc19e90fa540b82ee52dba7d246a7791712f74a"},
    {url = "https://files.pythonhosted.org/packages/59/4b/b6ea0f5c564c40f2c9d05ad3dbe3b8db6a6f1e7153e49eee29674c3c3bbe/pyrsistent-0.19.3-cp38-cp38-macosx_10_9_universal2.whl", hash = "sha256:a2471f3f8693101975b1ff85ffd19bb7ca7dd7c38f8a81701f67d6b4f97b87d8"},
    {url = "https://files.pythonhosted.org/packages/64/bd/b108e1a288a63871be1cf062176dcd5be922c748f843f316440104a45df3/pyrsistent-0.19.3-cp311-cp311-manylinux_2_17_aarch64.manylinux2014_aarch64.whl", hash = "sha256:3ab2204234c0ecd8b9368dbd6a53e83c3d4f3cab10ecaf6d0e772f456c442393"},
    {url = "https://files.pythonhosted.org/packages/64/de/375aa14daaee107f987da76ca32f7a907fea00fa8b8afb67dc09bec0de91/pyrsistent-0.19.3-py3-none-any.whl", hash = "sha256:ccf0d6bd208f8111179f0c26fdf84ed7c3891982f2edaeae7422575f47e66b64"},
    {url = "https://files.pythonhosted.org/packages/73/55/1e300772f5c24921a81fc1c8b3de8a06a199c4ebb523d7c5a85f4e74a32e/pyrsistent-0.19.3-cp310-cp310-manylinux_2_5_i686.manylinux1_i686.manylinux_2_17_i686.manylinux2014_i686.whl", hash = "sha256:4b774f9288dda8d425adb6544e5903f1fb6c273ab3128a355c6b972b7df39dcf"},
    {url = "https://files.pythonhosted.org/packages/82/5e/037a808341e4464c702eb45e741c69292516d0ac00e64080269a2e98d12d/pyrsistent-0.19.3-cp38-cp38-manylinux_2_5_i686.manylinux1_i686.manylinux_2_17_i686.manylinux2014_i686.whl", hash = "sha256:3311cb4237a341aa52ab8448c27e3a9931e2ee09561ad150ba94e4cfd3fc888c"},
    {url = "https://files.pythonhosted.org/packages/86/0e/33b4cde936d247024c26772dae0a7c93d650d8ec7ee1824d2752d3d8883c/pyrsistent-0.19.3-cp37-cp37m-manylinux_2_5_i686.manylinux1_i686.manylinux_2_17_i686.manylinux2014_i686.whl", hash = "sha256:42ac0b2f44607eb92ae88609eda931a4f0dfa03038c44c772e07f43e738bcac9"},
    {url = "https://files.pythonhosted.org/packages/86/f2/fda71652a6baa0147891296a99b4145572538417609c164450beebcf8ebc/pyrsistent-0.19.3-cp311-cp311-manylinux_2_5_i686.manylinux1_i686.manylinux_2_17_i686.manylinux2014_i686.whl", hash = "sha256:e42296a09e83028b3476f7073fcb69ffebac0e66dbbfd1bd847d61f74db30f19"},
    {url = "https://files.pythonhosted.org/packages/87/72/e5b2347f136d14f09c8260a2e3a528be94e536d97e6635cc9f22cff2d88c/pyrsistent-0.19.3-cp310-cp310-win_amd64.whl", hash = "sha256:49c32f216c17148695ca0e02a5c521e28a4ee6c5089f97e34fe24163113722da"},
    {url = "https://files.pythonhosted.org/packages/af/3e/7c94e58ade258179c2e13fb254f040830e97654d76dee8288200d30d575d/pyrsistent-0.19.3-cp39-cp39-manylinux_2_17_aarch64.manylinux2014_aarch64.whl", hash = "sha256:99abb85579e2165bd8522f0c0138864da97847875ecbd45f3e7e2af569bfc6f2"},
    {url = "https://files.pythonhosted.org/packages/b1/46/3f9cfa75c46b8a55d3a235456bc129a26431a65e4922fc9af66aa4e2db7e/pyrsistent-0.19.3-cp311-cp311-macosx_10_9_universal2.whl", hash = "sha256:f0774bf48631f3a20471dd7c5989657b639fd2d285b861237ea9e82c36a415a9"},
    {url = "https://files.pythonhosted.org/packages/b1/8d/bbce2d857ecdefb7170a8a37ade1de0f060052236c07693856ac23f3b1ee/pyrsistent-0.19.3-cp38-cp38-win_amd64.whl", hash = "sha256:c147257a92374fde8498491f53ffa8f4822cd70c0d85037e09028e478cababb7"},
    {url = "https://files.pythonhosted.org/packages/b2/ea/055a9c1884be7c77dd68d9a7891e7a39c776c86946aa4630f8f9f8e48169/pyrsistent-0.19.3-cp311-cp311-win_amd64.whl", hash = "sha256:016ad1afadf318eb7911baa24b049909f7f3bb2c5b1ed7b6a8f21db21ea3faa8"},
    {url = "https://files.pythonhosted.org/packages/b3/e6/43c7f666703506f8d5c5d2c7bc223346c6fa0e0fe392074c2b5788a577f8/pyrsistent-0.19.3-cp39-cp39-win32.whl", hash = "sha256:c74bed51f9b41c48366a286395c67f4e894374306b197e62810e0fdaf2364da2"},
    {url = "https://files.pythonhosted.org/packages/bf/90/445a7dbd275c654c268f47fa9452152709134f61f09605cf776407055a89/pyrsistent-0.19.3.tar.gz", hash = "sha256:1a2994773706bbb4995c31a97bc94f1418314923bd1048c6d964837040376440"},
    {url = "https://files.pythonhosted.org/packages/c3/c7/185e37df78c1e34c14961cbd7c89945e27825b5a41bf455e2df2dd46e18e/pyrsistent-0.19.3-cp39-cp39-win_amd64.whl", hash = "sha256:878433581fc23e906d947a6814336eee031a00e6defba224234169ae3d3d6a98"},
    {url = "https://files.pythonhosted.org/packages/d5/bf/6ed2d861e3e94c5e92dbb1399eef672fb6add6e824d8c0f4b55d9cd9e733/pyrsistent-0.19.3-cp39-cp39-macosx_10_9_universal2.whl", hash = "sha256:b735e538f74ec31378f5a1e3886a26d2ca6351106b4dfde376a26fc32a044edc"},
    {url = "https://files.pythonhosted.org/packages/d8/95/374840c28274b2d660a49c81aee980543953c9c13bcfc9c8c22fb7737919/pyrsistent-0.19.3-cp37-cp37m-win_amd64.whl", hash = "sha256:c9bb60a40a0ab9aba40a59f68214eed5a29c6274c83b2cc206a359c4a89fa41b"},
    {url = "https://files.pythonhosted.org/packages/dc/c2/994b3e91f22b040fefbb3058d8622e3b45ab78dd1256599575bf36319b6d/pyrsistent-0.19.3-cp37-cp37m-macosx_10_9_x86_64.whl", hash = "sha256:c4db1bd596fefd66b296a3d5d943c94f4fac5bcd13e99bffe2ba6a759d959a28"},
    {url = "https://files.pythonhosted.org/packages/de/9e/10c5bf794eec650a3aab1b4fb1f6824f53011d111ddfdce1459dc357408a/pyrsistent-0.19.3-cp311-cp311-win32.whl", hash = "sha256:64220c429e42a7150f4bfd280f6f4bb2850f95956bde93c6fda1b70507af6ef3"},
    {url = "https://files.pythonhosted.org/packages/ed/7b/7d032130a6838b179b46dff1ee88909c11d518a10ec9bc70c4b72c7c2f80/pyrsistent-0.19.3-cp310-cp310-macosx_10_9_universal2.whl", hash = "sha256:20460ac0ea439a3e79caa1dbd560344b64ed75e85d8703943e0b66c2a6150e4a"},
    {url = "https://files.pythonhosted.org/packages/f4/43/183384edb4d2788374aa7663b82ace4afe4a0c1fbfee064875eb40ada95b/pyrsistent-0.19.3-cp39-cp39-manylinux_2_5_i686.manylinux1_i686.manylinux_2_17_i686.manylinux2014_i686.whl", hash = "sha256:3a8cb235fa6d3fd7aae6a4f1429bbb1fec1577d978098da1252f0489937786f3"},
]
"xmlschema 2.1.1" = [
    {url = "https://files.pythonhosted.org/packages/39/ab/fa85984f41c725acab96b1d74d3f0363ccac4ba9b884a93bc5b4f960bd14/xmlschema-2.1.1-py3-none-any.whl", hash = "sha256:5717a8a239637a9ad7d7563ce676dddf0a8989644c833f96bfc6d157c3cb3750"},
    {url = "https://files.pythonhosted.org/packages/87/82/be78541aeab8d0523d6f967f6fbe892143583978e5f32215f79ac67747e5/xmlschema-2.1.1.tar.gz", hash = "sha256:5ca34ff15dd3276cfb2e3e7b4c8dde4b7d4d27080f333a93b6c3f817e90abddf"},
]
